Microsoft Visual Studio Solution File, Format Version 12.00
# Visual Studio 2013
VisualStudioVersion = 12.0.40629.0
MinimumVisualStudioVersion = 10.0.40219.1
Project("{8BC9CEB8-8B4A-11D0-8D11-00A0C91BC942}") = "src_mkl_2013", "src\src_mkl_2013.vcxproj", "{2AFF8EDE-DCFE-4799-8BB9-BC3158C6E457}"
	ProjectSection(ProjectDependencies) = postProject
		{4A1042E8-043F-4B98-841E-389A231E7AEB} = {4A1042E8-043F-4B98-841E-389A231E7AEB}
	EndProjectSection
EndProject
Project("{8BC9CEB8-8B4A-11D0-8D11-00A0C91BC942}") = "src_mkl_ilp64_2013", "src\src_mkl_ilp64_2013.vcxproj", "{2AFF8EDE-DCFE-4799-8BB9-BC3158C6E757}"
	ProjectSection(ProjectDependencies) = postProject
		{4A1042E8-043F-4B98-841E-389A231EBAEB} = {4A1042E8-043F-4B98-841E-389A231EBAEB}
	EndProjectSection
EndProject
Project("{8BC9CEB8-8B4A-11D0-8D11-00A0C91BC942}") = "src_lapack_2013", "src\src_lapack_2013.vcxproj", "{79324D7B-C8CA-4501-BC11-8F409D9408A6}"
	ProjectSection(ProjectDependencies) = postProject
		{4A1042E8-043F-4B98-841E-389A231E7AE4} = {4A1042E8-043F-4B98-841E-389A231E7AE4}
	EndProjectSection
EndProject
Project("{8BC9CEB8-8B4A-11D0-8D11-00A0C91BC942}") = "src_lapack_ilp64_2013", "src\src_lapack_ilp64_2013.vcxproj", "{79324D7B-C8CA-4501-BC11-8F409D9408B6}"
	ProjectSection(ProjectDependencies) = postProject
		{4A1042E8-043F-4B98-841E-389A231E7BE4} = {4A1042E8-043F-4B98-841E-389A231E7BE4}
	EndProjectSection
EndProject
Project("{8BC9CEB8-8B4A-11D0-8D11-00A0C91BC942}") = "src_static_2013", "src\src_static_2013.vcxproj", "{A71D9289-E81B-4E2A-9532-13CDE4FE18FD}"
EndProject
Project("{6989167D-11E4-40FE-8C1A-2192A86A7E90}") = "ftn_mkl_2013", "ftn\ftn_mkl_2013.vfproj", "{4A1042E8-043F-4B98-841E-389A231E7AEB}"
EndProject
Project("{6989167D-11E4-40FE-8C1A-2192A86A7E90}") = "ftn_mkl_ilp64_2013", "ftn\ftn_mkl_ilp64_2013.vfproj", "{4A1042E8-043F-4B98-841E-389A231EBAEB}"
EndProject
Project("{6989167D-11E4-40FE-8C1A-2192A86A7E90}") = "ftn_lapack_2013", "ftn\ftn_lapack_2013.vfproj", "{4A1042E8-043F-4B98-841E-389A231E7AE4}"
EndProject
Project("{6989167D-11E4-40FE-8C1A-2192A86A7E90}") = "ftn_lapack_ilp64_2013", "ftn\ftn_lapack_ilp64_2013.vfproj", "{4A1042E8-043F-4B98-841E-389A231E7BE4}"
EndProject
Global
	GlobalSection(SolutionConfigurationPlatforms) = preSolution
		Debug|Win32 = Debug|Win32
		Debug|x64 = Debug|x64
		Release|Win32 = Release|Win32
		Release|x64 = Release|x64
	EndGlobalSection
	GlobalSection(ProjectConfigurationPlatforms) = postSolution
		{2AFF8EDE-DCFE-4799-8BB9-BC3158C6E457}.Debug|Win32.ActiveCfg = Debug|Win32
		{2AFF8EDE-DCFE-4799-8BB9-BC3158C6E457}.Debug|Win32.Build.0 = Debug|Win32
		{2AFF8EDE-DCFE-4799-8BB9-BC3158C6E457}.Debug|x64.ActiveCfg = Debug|x64
		{2AFF8EDE-DCFE-4799-8BB9-BC3158C6E457}.Debug|x64.Build.0 = Debug|x64
		{2AFF8EDE-DCFE-4799-8BB9-BC3158C6E457}.Release|Win32.ActiveCfg = Release|Win32
		{2AFF8EDE-DCFE-4799-8BB9-BC3158C6E457}.Release|Win32.Build.0 = Release|Win32
		{2AFF8EDE-DCFE-4799-8BB9-BC3158C6E457}.Release|x64.ActiveCfg = Release|x64
		{2AFF8EDE-DCFE-4799-8BB9-BC3158C6E457}.Release|x64.Build.0 = Release|x64
		{2AFF8EDE-DCFE-4799-8BB9-BC3158C6E757}.Debug|Win32.ActiveCfg = Debug|Win32
		{2AFF8EDE-DCFE-4799-8BB9-BC3158C6E757}.Debug|Win32.Build.0 = Debug|Win32
		{2AFF8EDE-DCFE-4799-8BB9-BC3158C6E757}.Debug|x64.ActiveCfg = Debug|x64
		{2AFF8EDE-DCFE-4799-8BB9-BC3158C6E757}.Debug|x64.Build.0 = Debug|x64
		{2AFF8EDE-DCFE-4799-8BB9-BC3158C6E757}.Release|Win32.ActiveCfg = Release|Win32
		{2AFF8EDE-DCFE-4799-8BB9-BC3158C6E757}.Release|Win32.Build.0 = Release|Win32
		{2AFF8EDE-DCFE-4799-8BB9-BC3158C6E757}.Release|x64.ActiveCfg = Release|x64
		{2AFF8EDE-DCFE-4799-8BB9-BC3158C6E757}.Release|x64.Build.0 = Release|x64
		{79324D7B-C8CA-4501-BC11-8F409D9408A6}.Debug|Win32.ActiveCfg = Debug|Win32
		{79324D7B-C8CA-4501-BC11-8F409D9408A6}.Debug|Win32.Build.0 = Debug|Win32
		{79324D7B-C8CA-4501-BC11-8F409D9408A6}.Debug|x64.ActiveCfg = Debug|x64
		{79324D7B-C8CA-4501-BC11-8F409D9408A6}.Debug|x64.Build.0 = Debug|x64
		{79324D7B-C8CA-4501-BC11-8F409D9408A6}.Release|Win32.ActiveCfg = Release|Win32
		{79324D7B-C8CA-4501-BC11-8F409D9408A6}.Release|Win32.Build.0 = Release|Win32
		{79324D7B-C8CA-4501-BC11-8F409D9408A6}.Release|x64.ActiveCfg = Release|x64
		{79324D7B-C8CA-4501-BC11-8F409D9408A6}.Release|x64.Build.0 = Release|x64
		{79324D7B-C8CA-4501-BC11-8F409D9408B6}.Debug|Win32.ActiveCfg = Debug|Win32
		{79324D7B-C8CA-4501-BC11-8F409D9408B6}.Debug|x64.ActiveCfg = Debug|x64
		{79324D7B-C8CA-4501-BC11-8F409D9408B6}.Release|Win32.ActiveCfg = Release|Win32
		{79324D7B-C8CA-4501-BC11-8F409D9408B6}.Release|x64.ActiveCfg = Release|x64
		{A71D9289-E81B-4E2A-9532-13CDE4FE18FD}.Debug|Win32.ActiveCfg = Debug|Win32
		{A71D9289-E81B-4E2A-9532-13CDE4FE18FD}.Debug|Win32.Build.0 = Debug|Win32
		{A71D9289-E81B-4E2A-9532-13CDE4FE18FD}.Debug|x64.ActiveCfg = Debug|x64
		{A71D9289-E81B-4E2A-9532-13CDE4FE18FD}.Debug|x64.Build.0 = Debug|x64
		{A71D9289-E81B-4E2A-9532-13CDE4FE18FD}.Release|Win32.ActiveCfg = Release|Win32
		{A71D9289-E81B-4E2A-9532-13CDE4FE18FD}.Release|Win32.Build.0 = Release|Win32
		{A71D9289-E81B-4E2A-9532-13CDE4FE18FD}.Release|x64.ActiveCfg = Release|x64
		{A71D9289-E81B-4E2A-9532-13CDE4FE18FD}.Release|x64.Build.0 = Release|x64
		{4A1042E8-043F-4B98-841E-389A231E7AEB}.Debug|Win32.ActiveCfg = Debug|Win32
		{4A1042E8-043F-4B98-841E-389A231E7AEB}.Debug|Win32.Build.0 = Debug|Win32
		{4A1042E8-043F-4B98-841E-389A231E7AEB}.Debug|x64.ActiveCfg = Debug|x64
		{4A1042E8-043F-4B98-841E-389A231E7AEB}.Debug|x64.Build.0 = Debug|x64
		{4A1042E8-043F-4B98-841E-389A231E7AEB}.Release|Win32.ActiveCfg = Release|Win32
		{4A1042E8-043F-4B98-841E-389A231E7AEB}.Release|Win32.Build.0 = Release|Win32
		{4A1042E8-043F-4B98-841E-389A231E7AEB}.Release|x64.ActiveCfg = Release|x64
		{4A1042E8-043F-4B98-841E-389A231E7AEB}.Release|x64.Build.0 = Release|x64
		{4A1042E8-043F-4B98-841E-389A231EBAEB}.Debug|Win32.ActiveCfg = Debug|Win32
		{4A1042E8-043F-4B98-841E-389A231EBAEB}.Debug|Win32.Build.0 = Debug|Win32
		{4A1042E8-043F-4B98-841E-389A231EBAEB}.Debug|x64.ActiveCfg = Debug|x64
		{4A1042E8-043F-4B98-841E-389A231EBAEB}.Debug|x64.Build.0 = Debug|x64
		{4A1042E8-043F-4B98-841E-389A231EBAEB}.Release|Win32.ActiveCfg = Release|Win32
		{4A1042E8-043F-4B98-841E-389A231EBAEB}.Release|Win32.Build.0 = Release|Win32
		{4A1042E8-043F-4B98-841E-389A231EBAEB}.Release|x64.ActiveCfg = Release|x64
		{4A1042E8-043F-4B98-841E-389A231EBAEB}.Release|x64.Build.0 = Release|x64
		{4A1042E8-043F-4B98-841E-389A231E7AE4}.Debug|Win32.ActiveCfg = Debug|Win32
		{4A1042E8-043F-4B98-841E-389A231E7AE4}.Debug|Win32.Build.0 = Debug|Win32
		{4A1042E8-043F-4B98-841E-389A231E7AE4}.Debug|x64.ActiveCfg = Debug|x64
		{4A1042E8-043F-4B98-841E-389A231E7AE4}.Debug|x64.Build.0 = Debug|x64
		{4A1042E8-043F-4B98-841E-389A231E7AE4}.Release|Win32.ActiveCfg = Release|Win32
		{4A1042E8-043F-4B98-841E-389A231E7AE4}.Release|Win32.Build.0 = Release|Win32
		{4A1042E8-043F-4B98-841E-389A231E7AE4}.Release|x64.ActiveCfg = Release|x64
		{4A1042E8-043F-4B98-841E-389A231E7AE4}.Release|x64.Build.0 = Release|x64
		{4A1042E8-043F-4B98-841E-389A231E7BE4}.Debug|Win32.ActiveCfg = Debug|Win32
		{4A1042E8-043F-4B98-841E-389A231E7BE4}.Debug|x64.ActiveCfg = Debug|x64
		{4A1042E8-043F-4B98-841E-389A231E7BE4}.Debug|x64.Build.0 = Debug|x64
		{4A1042E8-043F-4B98-841E-389A231E7BE4}.Release|Win32.ActiveCfg = Release|Win32
		{4A1042E8-043F-4B98-841E-389A231E7BE4}.Release|x64.ActiveCfg = Release|x64
		{4A1042E8-043F-4B98-841E-389A231E7BE4}.Release|x64.Build.0 = Release|x64
	EndGlobalSection
	GlobalSection(SolutionProperties) = preSolution
		HideSolutionNode = FALSE
	EndGlobalSection
EndGlobal
