<?xml version="1.0" encoding="UTF-8" standalone="yes" ?>
<CodeBlocks_project_file>
	<FileVersion major="1" minor="6" />
	<Project>
		<Option title="cvmTest" />
		<Option pch_mode="2" />
		<Option compiler="gcc" />
		<Build>
			<Script file="lib_finder.script" />
			<Target title="Debug">
				<Option output="bin/Debug/cvmTest" prefix_auto="1" extension_auto="1" />
				<Option object_output="obj/Debug/" />
				<Option type="1" />
				<Option compiler="gcc" />
				<Compiler>
					<Add option="-Weffc++" />
					<Add option="-std=c++11" />
					<Add option="-g" />
					<Add option="-pthread" />
					<Add option="-DDEBUG=1" />
				</Compiler>
				<Linker>
					<Add library="..\..\..\lib\liblapack_ia32_debug.a" />
					<Add library="..\..\..\lib\libblas_ia32_debug.a" />
					<Add library="..\..\..\lib\libftn_ia32_debug.a" />
					<Add library="gfortran" />
				</Linker>
			</Target>
			<Target title="Release">
				<Option output="bin/Release/cvmTest" prefix_auto="1" extension_auto="1" />
				<Option object_output="obj/Release/" />
				<Option type="1" />
				<Option compiler="gcc" />
				<Compiler>
					<Add option="-O2" />
					<Add option="-std=c++11" />
					<Add option="-pthread" />
				</Compiler>
				<Linker>
					<Add option="-s" />
					<Add library="..\..\..\lib\liblapack_ia32.a" />
					<Add library="..\..\..\lib\libblas_ia32.a" />
					<Add library="..\..\..\lib\libftn_ia32.a" />
					<Add library="gfortran" />
				</Linker>
			</Target>
			<Environment>
				<Variable name="DYLD_LIBRARY_PATH" value="\Users\snikolaev\cvm\lib64" />
			</Environment>
		</Build>
		<Compiler>
			<Add option="-Wall" />
			<Add option="-fexceptions" />
		</Compiler>
		<Unit filename="../../src/arrays.cpp" />
		<Unit filename="../../src/blas.h" />
		<Unit filename="../../src/cfun.h" />
		<Unit filename="../../src/cmatrix.cpp" />
		<Unit filename="../../src/cvector.cpp" />
		<Unit filename="../../src/cvm.h" />
		<Unit filename="../../src/globals.cpp" />
		<Unit filename="../../src/rmatrix.cpp" />
		<Unit filename="../../src/rvector.cpp" />
		<Unit filename="../../src/scmatrix.cpp" />
		<Unit filename="../../src/srmatrix.cpp" />
		<Unit filename="../../src/utils.cpp" />
		<Unit filename="../test.cpp" />
		<Extensions>
			<code_completion />
			<envvars />
			<debugger />
			<lib_finder disable_auto="1" />
		</Extensions>
	</Project>
</CodeBlocks_project_file>
